
Microsoft Visual Studio Solution File, Format Version 12.00
# Visual Studio Version 17
VisualStudioVersion = 17.11.35312.102
MinimumVisualStudioVersion = 10.0.40219.1
Project("{FAE04EC0-301F-11D3-BF4B-00C04F79EFBC}") = "Assembly1", "Assembly1.csproj", "{5BD64746-B4AD-4847-AD73-FE340271B844}"
EndProject
Global
	GlobalSection(SolutionConfigurationPlatforms) = preSolution
		Debug|Any CPU = Debug|Any CPU
		Release|Any CPU = Release|Any CPU
	EndGlobalSection
	GlobalSection(ProjectConfigurationPlatforms) = postSolution
		{5BD64746-B4AD-4847-AD73-FE340271B844}.Debug|Any CPU.ActiveCfg = Debug|Any CPU
		{5BD64746-B4AD-4847-AD73-FE340271B844}.Debug|Any CPU.Build.0 = Debug|Any CPU
		{5BD64746-B4AD-4847-AD73-FE340271B844}.Release|Any CPU.ActiveCfg = Release|Any CPU
		{5BD64746-B4AD-4847-AD73-FE340271B844}.Release|Any CPU.Build.0 = Release|Any CPU
	EndGlobalSection
	GlobalSection(SolutionProperties) = preSolution
		HideSolutionNode = FALSE
	EndGlobalSection
	GlobalSection(ExtensibilityGlobals) = postSolution
		SolutionGuid = {E30C413F-A30A-41AB-B100-B8110BA42D31}
	EndGlobalSection
EndGlobal
